PODS:
  - FDFullscreenPopGesture (1.1)
  - LLRoute (1.0.0)
  - LLSpeed (1.0.0)

DEPENDENCIES:
  - FDFullscreenPopGesture (~> 1.1)
  - LLRoute (from `https://github.com/LiGuanWen/LLRoute.git`)
  - LLSpeed (from `.`)

EXTERNAL SOURCES:
  LLRoute:
    :git: https://github.com/LiGuanWen/LLRoute.git
  LLSpeed:
    :path: .

CHECKOUT OPTIONS:
  LLRoute:
    :commit: 498c1f1fb8162473be7a5de6538ebdfe1fca2784
    :git: https://github.com/LiGuanWen/LLRoute.git

SPEC CHECKSUMS:
  FDFullscreenPopGesture: a8a620179e3d9c40e8e00256dcee1c1a27c6d0f0
  LLRoute: 6f93b69c2024828c46a8b1aa334890778531ddba
  LLSpeed: 10f88b728fb4736255f1ebb6d27f24a794891ae0

PODFILE CHECKSUM: c223061d27f7e0a59c881631198393dba797f6be

COCOAPODS: 1.3.0.beta.2
