// !$*UTF8*$!
{
	archiveVersion = 1;
	classes = {
	};
	objectVersion = 46;
	objects = {

/* Begin PBXBuildFile section */
		8FE03FCBDF3CD1E8401E3373 /* libPods-LLSpeed.a in Frameworks */ = {isa = PBXBuildFile; fileRef = 8CFDFCA3921A897AFA54EDA5 /* libPods-LLSpeed.a */; };
		FDC624F41F750D7D006FEAE5 /* main.m in Sources */ = {isa = PBXBuildFile; fileRef = FDC624F31F750D7D006FEAE5 /* main.m */; };
		FDC624F71F750D7D006FEAE5 /* AppDelegate.m in Sources */ = {isa = PBXBuildFile; fileRef = FDC624F61F750D7D006FEAE5 /* AppDelegate.m */; };
		FDC624FA1F750D7D006FEAE5 /* ViewController.m in Sources */ = {isa = PBXBuildFile; fileRef = FDC624F91F750D7D006FEAE5 /* ViewController.m */; };
		FDC624FD1F750D7E006FEAE5 /* Main.storyboard in Resources */ = {isa = PBXBuildFile; fileRef = FDC624FB1F750D7E006FEAE5 /* Main.storyboard */; };
		FDC625001F750D7E006FEAE5 /* LLSpeed.xcdatamodeld in Sources */ = {isa = PBXBuildFile; fileRef = FDC624FE1F750D7E006FEAE5 /* LLSpeed.xcdatamodeld */; };
		FDC625021F750D7E006FEAE5 /* Assets.xcassets in Resources */ = {isa = PBXBuildFile; fileRef = FDC625011F750D7E006FEAE5 /* Assets.xcassets */; };
		FDC625051F750D7E006FEAE5 /* LaunchScreen.storyboard in Resources */ = {isa = PBXBuildFile; fileRef = FDC625031F750D7E006FEAE5 /* LaunchScreen.storyboard */; };
		FDC625101F750D7E006FEAE5 /* LLSpeedTests.m in Sources */ = {isa = PBXBuildFile; fileRef = FDC6250F1F750D7E006FEAE5 /* LLSpeedTests.m */; };
		FDC6251B1F750D7E006FEAE5 /* LLSpeedUITests.m in Sources */ = {isa = PBXBuildFile; fileRef = FDC6251A1F750D7E006FEAE5 /* LLSpeedUITests.m */; };
/* End PBXBuildFile section */

/* Begin PBXContainerItemProxy section */
		FDC6250C1F750D7E006FEAE5 /* PBXContainerItemProxy */ = {
			isa = PBXContainerItemProxy;
			containerPortal = FDC624E71F750D7D006FEAE5 /* Project object */;
			proxyType = 1;
			remoteGlobalIDString = FDC624EE1F750D7D006FEAE5;
			remoteInfo = LLSpeed;
		};
		FDC625171F750D7E006FEAE5 /* PBXContainerItemProxy */ = {
			isa = PBXContainerItemProxy;
			containerPortal = FDC624E71F750D7D006FEAE5 /* Project object */;
			proxyType = 1;
			remoteGlobalIDString = FDC624EE1F750D7D006FEAE5;
			remoteInfo = LLSpeed;
		};
/* End PBXContainerItemProxy section */

/* Begin PBXFileReference section */
		035A5672283A6D9A054B2388 /* Pods-LLSpeed.debug.xcconfig */ = {isa = PBXFileReference; includeInIndex = 1; lastKnownFileType = text.xcconfig; name = "Pods-LLSpeed.debug.xcconfig"; path = "Pods/Target Support Files/Pods-LLSpeed/Pods-LLSpeed.debug.xcconfig"; sourceTree = "<group>"; };
		4596AE47B2E8CB0F99FD6646 /* Pods-LLSpeed.release.xcconfig */ = {isa = PBXFileReference; includeInIndex = 1; lastKnownFileType = text.xcconfig; name = "Pods-LLSpeed.release.xcconfig"; path = "Pods/Target Support Files/Pods-LLSpeed/Pods-LLSpeed.release.xcconfig"; sourceTree = "<group>"; };
		8CFDFCA3921A897AFA54EDA5 /* libPods-LLSpeed.a */ = {isa = PBXFileReference; explicitFileType = archive.ar; includeInIndex = 0; path = "libPods-LLSpeed.a"; sourceTree = BUILT_PRODUCTS_DIR; };
		FDC624EF1F750D7D006FEAE5 /* LLSpeed.app */ = {isa = PBXFileReference; explicitFileType = wrapper.application; includeInIndex = 0; path = LLSpeed.app; sourceTree = BUILT_PRODUCTS_DIR; };
		FDC624F31F750D7D006FEAE5 /* main.m */ = {isa = PBXFileReference; lastKnownFileType = sourcecode.c.objc; path = main.m; sourceTree = "<group>"; };
		FDC624F51F750D7D006FEAE5 /* AppDelegate.h */ = {isa = PBXFileReference; lastKnownFileType = sourcecode.c.h; path = AppDelegate.h; sourceTree = "<group>"; };
		FDC624F61F750D7D006FEAE5 /* AppDelegate.m */ = {isa = PBXFileReference; lastKnownFileType = sourcecode.c.objc; path = AppDelegate.m; sourceTree = "<group>"; };
		FDC624F81F750D7D006FEAE5 /* ViewController.h */ = {isa = PBXFileReference; lastKnownFileType = sourcecode.c.h; path = ViewController.h; sourceTree = "<group>"; };
		FDC624F91F750D7D006FEAE5 /* ViewController.m */ = {isa = PBXFileReference; lastKnownFileType = sourcecode.c.objc; path = ViewController.m; sourceTree = "<group>"; };
		FDC624FC1F750D7E006FEAE5 /* Base */ = {isa = PBXFileReference; lastKnownFileType = file.storyboard; name = Base; path = Base.lproj/Main.storyboard; sourceTree = "<group>"; };
		FDC624FF1F750D7E006FEAE5 /* LLSpeed.xcdatamodel */ = {isa = PBXFileReference; lastKnownFileType = wrapper.xcdatamodel; path = LLSpeed.xcdatamodel; sourceTree = "<group>"; };
		FDC625011F750D7E006FEAE5 /* Assets.xcassets */ = {isa = PBXFileReference; lastKnownFileType = folder.assetcatalog; path = Assets.xcassets; sourceTree = "<group>"; };
		FDC625041F750D7E006FEAE5 /* Base */ = {isa = PBXFileReference; lastKnownFileType = file.storyboard; name = Base; path = Base.lproj/LaunchScreen.storyboard; sourceTree = "<group>"; };
		FDC625061F750D7E006FEAE5 /* Info.plist */ = {isa = PBXFileReference; lastKnownFileType = text.plist.xml; path = Info.plist; sourceTree = "<group>"; };
		FDC6250B1F750D7E006FEAE5 /* LLSpeedTests.xctest */ = {isa = PBXFileReference; explicitFileType = wrapper.cfbundle; includeInIndex = 0; path = LLSpeedTests.xctest; sourceTree = BUILT_PRODUCTS_DIR; };
		FDC6250F1F750D7E006FEAE5 /* LLSpeedTests.m */ = {isa = PBXFileReference; lastKnownFileType = sourcecode.c.objc; path = LLSpeedTests.m; sourceTree = "<group>"; };
		FDC625111F750D7E006FEAE5 /* Info.plist */ = {isa = PBXFileReference; lastKnownFileType = text.plist.xml; path = Info.plist; sourceTree = "<group>"; };
		FDC625161F750D7E006FEAE5 /* LLSpeedUITests.xctest */ = {isa = PBXFileReference; explicitFileType = wrapper.cfbundle; includeInIndex = 0; path = LLSpeedUITests.xctest; sourceTree = BUILT_PRODUCTS_DIR; };
		FDC6251A1F750D7E006FEAE5 /* LLSpeedUITests.m */ = {isa = PBXFileReference; lastKnownFileType = sourcecode.c.objc; path = LLSpeedUITests.m; sourceTree = "<group>"; };
		FDC6251C1F750D7E006FEAE5 /* Info.plist */ = {isa = PBXFileReference; lastKnownFileType = text.plist.xml; path = Info.plist; sourceTree = "<group>"; };
/* End PBXFileReference section */

/* Begin PBXFrameworksBuildPhase section */
		FDC624EC1F750D7D006FEAE5 /* Frameworks */ = {
			isa = PBXFrameworksBuildPhase;
			buildActionMask = 2147483647;
			files = (
				8FE03FCBDF3CD1E8401E3373 /* libPods-LLSpeed.a in Frameworks */,
			);
			runOnlyForDeploymentPostprocessing = 0;
		};
		FDC625081F750D7E006FEAE5 /* Frameworks */ = {
			isa = PBXFrameworksBuildPhase;
			buildActionMask = 2147483647;
			files = (
			);
			runOnlyForDeploymentPostprocessing = 0;
		};
		FDC625131F750D7E006FEAE5 /* Frameworks */ = {
			isa = PBXFrameworksBuildPhase;
			buildActionMask = 2147483647;
			files = (
			);
			runOnlyForDeploymentPostprocessing = 0;
		};
/* End PBXFrameworksBuildPhase section */

/* Begin PBXGroup section */
		4F9AE5342016A459347223EB /* Frameworks */ = {
			isa = PBXGroup;
			children = (
				8CFDFCA3921A897AFA54EDA5 /* libPods-LLSpeed.a */,
			);
			name = Frameworks;
			sourceTree = "<group>";
		};
		CB200A7CE9FDCCE85F33968D /* Pods */ = {
			isa = PBXGroup;
			children = (
				035A5672283A6D9A054B2388 /* Pods-LLSpeed.debug.xcconfig */,
				4596AE47B2E8CB0F99FD6646 /* Pods-LLSpeed.release.xcconfig */,
			);
			name = Pods;
			sourceTree = "<group>";
		};
		FDC624E61F750D7D006FEAE5 = {
			isa = PBXGroup;
			children = (
				FDC624F11F750D7D006FEAE5 /* LLSpeed */,
				FDC6250E1F750D7E006FEAE5 /* LLSpeedTests */,
				FDC625191F750D7E006FEAE5 /* LLSpeedUITests */,
				FDC624F01F750D7D006FEAE5 /* Products */,
				CB200A7CE9FDCCE85F33968D /* Pods */,
				4F9AE5342016A459347223EB /* Frameworks */,
			);
			sourceTree = "<group>";
		};
		FDC624F01F750D7D006FEAE5 /* Products */ = {
			isa = PBXGroup;
			children = (
				FDC624EF1F750D7D006FEAE5 /* LLSpeed.app */,
				FDC6250B1F750D7E006FEAE5 /* LLSpeedTests.xctest */,
				FDC625161F750D7E006FEAE5 /* LLSpeedUITests.xctest */,
			);
			name = Products;
			sourceTree = "<group>";
		};
		FDC624F11F750D7D006FEAE5 /* LLSpeed */ = {
			isa = PBXGroup;
			children = (
				FDC624F51F750D7D006FEAE5 /* AppDelegate.h */,
				FDC624F61F750D7D006FEAE5 /* AppDelegate.m */,
				FDC624F81F750D7D006FEAE5 /* ViewController.h */,
				FDC624F91F750D7D006FEAE5 /* ViewController.m */,
				FDC624FB1F750D7E006FEAE5 /* Main.storyboard */,
				FDC625011F750D7E006FEAE5 /* Assets.xcassets */,
				FDC625031F750D7E006FEAE5 /* LaunchScreen.storyboard */,
				FDC625061F750D7E006FEAE5 /* Info.plist */,
				FDC624FE1F750D7E006FEAE5 /* LLSpeed.xcdatamodeld */,
				FDC624F21F750D7D006FEAE5 /* Supporting Files */,
			);
			path = LLSpeed;
			sourceTree = "<group>";
		};
		FDC624F21F750D7D006FEAE5 /* Supporting Files */ = {
			isa = PBXGroup;
			children = (
				FDC624F31F750D7D006FEAE5 /* main.m */,
			);
			name = "Supporting Files";
			sourceTree = "<group>";
		};
		FDC6250E1F750D7E006FEAE5 /* LLSpeedTests */ = {
			isa = PBXGroup;
			children = (
				FDC6250F1F750D7E006FEAE5 /* LLSpeedTests.m */,
				FDC625111F750D7E006FEAE5 /* Info.plist */,
			);
			path = LLSpeedTests;
			sourceTree = "<group>";
		};
		FDC625191F750D7E006FEAE5 /* LLSpeedUITests */ = {
			isa = PBXGroup;
			children = (
				FDC6251A1F750D7E006FEAE5 /* LLSpeedUITests.m */,
				FDC6251C1F750D7E006FEAE5 /* Info.plist */,
			);
			path = LLSpeedUITests;
			sourceTree = "<group>";
		};
/* End PBXGroup section */

/* Begin PBXNativeTarget section */
		FDC624EE1F750D7D006FEAE5 /* LLSpeed */ = {
			isa = PBXNativeTarget;
			buildConfigurationList = FDC6251F1F750D7E006FEAE5 /* Build configuration list for PBXNativeTarget "LLSpeed" */;
			buildPhases = (
				B57A0F222BB486655CC9383A /* [CP] Check Pods Manifest.lock */,
				FDC624EB1F750D7D006FEAE5 /* Sources */,
				FDC624EC1F750D7D006FEAE5 /* Frameworks */,
				FDC624ED1F750D7D006FEAE5 /* Resources */,
				6A9F6D4F9653B6F832EE102A /* [CP] Embed Pods Frameworks */,
				D1750CB04F29DCEB406BCBD2 /* [CP] Copy Pods Resources */,
			);
			buildRules = (
			);
			dependencies = (
			);
			name = LLSpeed;
			productName = LLSpeed;
			productReference = FDC624EF1F750D7D006FEAE5 /* LLSpeed.app */;
			productType = "com.apple.product-type.application";
		};
		FDC6250A1F750D7E006FEAE5 /* LLSpeedTests */ = {
			isa = PBXNativeTarget;
			buildConfigurationList = FDC625221F750D7E006FEAE5 /* Build configuration list for PBXNativeTarget "LLSpeedTests" */;
			buildPhases = (
				FDC625071F750D7E006FEAE5 /* Sources */,
				FDC625081F750D7E006FEAE5 /* Frameworks */,
				FDC625091F750D7E006FEAE5 /* Resources */,
			);
			buildRules = (
			);
			dependencies = (
				FDC6250D1F750D7E006FEAE5 /* PBXTargetDependency */,
			);
			name = LLSpeedTests;
			productName = LLSpeedTests;
			productReference = FDC6250B1F750D7E006FEAE5 /* LLSpeedTests.xctest */;
			productType = "com.apple.product-type.bundle.unit-test";
		};
		FDC625151F750D7E006FEAE5 /* LLSpeedUITests */ = {
			isa = PBXNativeTarget;
			buildConfigurationList = FDC625251F750D7E006FEAE5 /* Build configuration list for PBXNativeTarget "LLSpeedUITests" */;
			buildPhases = (
				FDC625121F750D7E006FEAE5 /* Sources */,
				FDC625131F750D7E006FEAE5 /* Frameworks */,
				FDC625141F750D7E006FEAE5 /* Resources */,
			);
			buildRules = (
			);
			dependencies = (
				FDC625181F750D7E006FEAE5 /* PBXTargetDependency */,
			);
			name = LLSpeedUITests;
			productName = LLSpeedUITests;
			productReference = FDC625161F750D7E006FEAE5 /* LLSpeedUITests.xctest */;
			productType = "com.apple.product-type.bundle.ui-testing";
		};
/* End PBXNativeTarget section */

/* Begin PBXProject section */
		FDC624E71F750D7D006FEAE5 /* Project object */ = {
			isa = PBXProject;
			attributes = {
				LastUpgradeCheck = 0900;
				ORGANIZATIONNAME = "第七代目";
				TargetAttributes = {
					FDC624EE1F750D7D006FEAE5 = {
						CreatedOnToolsVersion = 8.3;
						DevelopmentTeam = Y688PQN5Q4;
						ProvisioningStyle = Manual;
					};
					FDC6250A1F750D7E006FEAE5 = {
						CreatedOnToolsVersion = 8.3;
						DevelopmentTeam = C6Z4D9LT34;
						ProvisioningStyle = Automatic;
						TestTargetID = FDC624EE1F750D7D006FEAE5;
					};
					FDC625151F750D7E006FEAE5 = {
						CreatedOnToolsVersion = 8.3;
						DevelopmentTeam = C6Z4D9LT34;
						ProvisioningStyle = Automatic;
						TestTargetID = FDC624EE1F750D7D006FEAE5;
					};
				};
			};
			buildConfigurationList = FDC624EA1F750D7D006FEAE5 /* Build configuration list for PBXProject "LLSpeed" */;
			compatibilityVersion = "Xcode 3.2";
			developmentRegion = English;
			hasScannedForEncodings = 0;
			knownRegions = (
				en,
				Base,
			);
			mainGroup = FDC624E61F750D7D006FEAE5;
			productRefGroup = FDC624F01F750D7D006FEAE5 /* Products */;
			projectDirPath = "";
			projectRoot = "";
			targets = (
				FDC624EE1F750D7D006FEAE5 /* LLSpeed */,
				FDC6250A1F750D7E006FEAE5 /* LLSpeedTests */,
				FDC625151F750D7E006FEAE5 /* LLSpeedUITests */,
			);
		};
/* End PBXProject section */

/* Begin PBXResourcesBuildPhase section */
		FDC624ED1F750D7D006FEAE5 /* Resources */ = {
			isa = PBXResourcesBuildPhase;
			buildActionMask = 2147483647;
			files = (
				FDC625051F750D7E006FEAE5 /* LaunchScreen.storyboard in Resources */,
				FDC625021F750D7E006FEAE5 /* Assets.xcassets in Resources */,
				FDC624FD1F750D7E006FEAE5 /* Main.storyboard in Resources */,
			);
			runOnlyForDeploymentPostprocessing = 0;
		};
		FDC625091F750D7E006FEAE5 /* Resources */ = {
			isa = PBXResourcesBuildPhase;
			buildActionMask = 2147483647;
			files = (
			);
			runOnlyForDeploymentPostprocessing = 0;
		};
		FDC625141F750D7E006FEAE5 /* Resources */ = {
			isa = PBXResourcesBuildPhase;
			buildActionMask = 2147483647;
			files = (
			);
			runOnlyForDeploymentPostprocessing = 0;
		};
/* End PBXResourcesBuildPhase section */

/* Begin PBXShellScriptBuildPhase section */
		6A9F6D4F9653B6F832EE102A /* [CP] Embed Pods Frameworks */ = {
			isa = PBXShellScriptBuildPhase;
			buildActionMask = 2147483647;
			files = (
			);
			inputPaths = (
			);
			name = "[CP] Embed Pods Frameworks";
			outputPaths = (
			);
			runOnlyForDeploymentPostprocessing = 0;
			shellPath = /bin/sh;
			shellScript = "\"${SRCROOT}/Pods/Target Support Files/Pods-LLSpeed/Pods-LLSpeed-frameworks.sh\"\n";
			showEnvVarsInLog = 0;
		};
		B57A0F222BB486655CC9383A /* [CP] Check Pods Manifest.lock */ = {
			isa = PBXShellScriptBuildPhase;
			buildActionMask = 2147483647;
			files = (
			);
			inputPaths = (
				"${PODS_PODFILE_DIR_PATH}/Podfile.lock",
				"${PODS_ROOT}/Manifest.lock",
			);
			name = "[CP] Check Pods Manifest.lock";
			outputPaths = (
				"$(DERIVED_FILE_DIR)/Pods-LLSpeed-checkManifestLockResult.txt",
			);
			runOnlyForDeploymentPostprocessing = 0;
			shellPath = /bin/sh;
			shellScript = "diff \"${PODS_PODFILE_DIR_PATH}/Podfile.lock\" \"${PODS_ROOT}/Manifest.lock\" > /dev/null\nif [ $? != 0 ] ; then\n    # print error to STDERR\n    echo \"error: The sandbox is not in sync with the Podfile.lock. Run 'pod install' or update your CocoaPods installation.\" >&2\n    exit 1\nfi\n# This output is used by Xcode 'outputs' to avoid re-running this script phase.\necho \"SUCCESS\" > \"${SCRIPT_OUTPUT_FILE_0}\"\n";
			showEnvVarsInLog = 0;
		};
		D1750CB04F29DCEB406BCBD2 /* [CP] Copy Pods Resources */ = {
			isa = PBXShellScriptBuildPhase;
			buildActionMask = 2147483647;
			files = (
			);
			inputPaths = (
				"${SRCROOT}/Pods/Target Support Files/Pods-LLSpeed/Pods-LLSpeed-resources.sh",
				"${PODS_ROOT}/../LLSpeedClass/LLSpeedAbout/Controller/LLSpeedAboutViewController.xib",
				"${PODS_ROOT}/../LLSpeedClass/LLSpeedGame/Controller/LLSpeedGameViewController.xib",
				"${PODS_ROOT}/../LLSpeedClass/LLSpeedMenu/Controller/LLSpeedMenuViewController.xib",
				"${PODS_ROOT}/../LLSpeedClass/LLSpeedScene/bgm1.caf",
				"${PODS_ROOT}/../LLSpeedClass/LLSpeedScene/bgm2.caf",
				"${PODS_ROOT}/../LLSpeedClass/LLSpeedScene/gameOverSound.caf",
				"${PODS_ROOT}/../LLSpeedClass/LLSpeedResource.bundle",
				"${PODS_ROOT}/../LLSpeedClass/LLSpeedAsset.xcassets",
			);
			name = "[CP] Copy Pods Resources";
			outputPaths = (
				"${TARGET_BUILD_DIR}/${UNLOCALIZED_RESOURCES_FOLDER_PATH}",
			);
			runOnlyForDeploymentPostprocessing = 0;
			shellPath = /bin/sh;
			shellScript = "\"${SRCROOT}/Pods/Target Support Files/Pods-LLSpeed/Pods-LLSpeed-resources.sh\"\n";
			showEnvVarsInLog = 0;
		};
/* End PBXShellScriptBuildPhase section */

/* Begin PBXSourcesBuildPhase section */
		FDC624EB1F750D7D006FEAE5 /* Sources */ = {
			isa = PBXSourcesBuildPhase;
			buildActionMask = 2147483647;
			files = (
				FDC624FA1F750D7D006FEAE5 /* ViewController.m in Sources */,
				FDC625001F750D7E006FEAE5 /* LLSpeed.xcdatamodeld in Sources */,
				FDC624F71F750D7D006FEAE5 /* AppDelegate.m in Sources */,
				FDC624F41F750D7D006FEAE5 /* main.m in Sources */,
			);
			runOnlyForDeploymentPostprocessing = 0;
		};
		FDC625071F750D7E006FEAE5 /* Sources */ = {
			isa = PBXSourcesBuildPhase;
			buildActionMask = 2147483647;
			files = (
				FDC625101F750D7E006FEAE5 /* LLSpeedTests.m in Sources */,
			);
			runOnlyForDeploymentPostprocessing = 0;
		};
		FDC625121F750D7E006FEAE5 /* Sources */ = {
			isa = PBXSourcesBuildPhase;
			buildActionMask = 2147483647;
			files = (
				FDC6251B1F750D7E006FEAE5 /* LLSpeedUITests.m in Sources */,
			);
			runOnlyForDeploymentPostprocessing = 0;
		};
/* End PBXSourcesBuildPhase section */

/* Begin PBXTargetDependency section */
		FDC6250D1F750D7E006FEAE5 /* PBXTargetDependency */ = {
			isa = PBXTargetDependency;
			target = FDC624EE1F750D7D006FEAE5 /* LLSpeed */;
			targetProxy = FDC6250C1F750D7E006FEAE5 /* PBXContainerItemProxy */;
		};
		FDC625181F750D7E006FEAE5 /* PBXTargetDependency */ = {
			isa = PBXTargetDependency;
			target = FDC624EE1F750D7D006FEAE5 /* LLSpeed */;
			targetProxy = FDC625171F750D7E006FEAE5 /* PBXContainerItemProxy */;
		};
/* End PBXTargetDependency section */

/* Begin PBXVariantGroup section */
		FDC624FB1F750D7E006FEAE5 /* Main.storyboard */ = {
			isa = PBXVariantGroup;
			children = (
				FDC624FC1F750D7E006FEAE5 /* Base */,
			);
			name = Main.storyboard;
			sourceTree = "<group>";
		};
		FDC625031F750D7E006FEAE5 /* LaunchScreen.storyboard */ = {
			isa = PBXVariantGroup;
			children = (
				FDC625041F750D7E006FEAE5 /* Base */,
			);
			name = LaunchScreen.storyboard;
			sourceTree = "<group>";
		};
/* End PBXVariantGroup section */

/* Begin XCBuildConfiguration section */
		FDC6251D1F750D7E006FEAE5 /* Debug */ = {
			isa = XCBuildConfiguration;
			buildSettings = {
				ALWAYS_SEARCH_USER_PATHS = NO;
				CLANG_ANALYZER_NONNULL = YES;
				CLANG_ANALYZER_NUMBER_OBJECT_CONVERSION = YES_AGGRESSIVE;
				CLANG_CXX_LANGUAGE_STANDARD = "gnu++0x";
				CLANG_CXX_LIBRARY = "libc++";
				CLANG_ENABLE_MODULES = YES;
				CLANG_ENABLE_OBJC_ARC = YES;
				CLANG_WARN_BLOCK_CAPTURE_AUTORELEASING = YES;
				CLANG_WARN_BOOL_CONVERSION = YES;
				CLANG_WARN_COMMA = YES;
				CLANG_WARN_CONSTANT_CONVERSION = YES;
				CLANG_WARN_DIRECT_OBJC_ISA_USAGE = YES_ERROR;
				CLANG_WARN_DOCUMENTATION_COMMENTS = YES;
				CLANG_WARN_EMPTY_BODY = YES;
				CLANG_WARN_ENUM_CONVERSION = YES;
				CLANG_WARN_INFINITE_RECURSION = YES;
				CLANG_WARN_INT_CONVERSION = YES;
				CLANG_WARN_NON_LITERAL_NULL_CONVERSION = YES;
				CLANG_WARN_OBJC_LITERAL_CONVERSION = YES;
				CLANG_WARN_OBJC_ROOT_CLASS = YES_ERROR;
				CLANG_WARN_RANGE_LOOP_ANALYSIS = YES;
				CLANG_WARN_STRICT_PROTOTYPES = YES;
				CLANG_WARN_SUSPICIOUS_MOVE = YES;
				CLANG_WARN_UNREACHABLE_CODE = YES;
				CLANG_WARN__DUPLICATE_METHOD_MATCH = YES;
				"CODE_SIGN_IDENTITY[sdk=iphoneos*]" = "iPhone Developer";
				COPY_PHASE_STRIP = NO;
				DEBUG_INFORMATION_FORMAT = dwarf;
				ENABLE_STRICT_OBJC_MSGSEND = YES;
				ENABLE_TESTABILITY = YES;
				GCC_C_LANGUAGE_STANDARD = gnu99;
				GCC_DYNAMIC_NO_PIC = NO;
				GCC_NO_COMMON_BLOCKS = YES;
				GCC_OPTIMIZATION_LEVEL = 0;
				GCC_PREPROCESSOR_DEFINITIONS = (
					"DEBUG=1",
					"$(inherited)",
				);
				GCC_WARN_64_TO_32_BIT_CONVERSION = YES;
				GCC_WARN_ABOUT_RETURN_TYPE = YES_ERROR;
				GCC_WARN_UNDECLARED_SELECTOR = YES;
				GCC_WARN_UNINITIALIZED_AUTOS = YES_AGGRESSIVE;
				GCC_WARN_UNUSED_FUNCTION = YES;
				GCC_WARN_UNUSED_VARIABLE = YES;
				IPHONEOS_DEPLOYMENT_TARGET = 10.3;
				MTL_ENABLE_DEBUG_INFO = YES;
				ONLY_ACTIVE_ARCH = YES;
				SDKROOT = iphoneos;
				TARGETED_DEVICE_FAMILY = "1,2";
			};
			name = Debug;
		};
		FDC6251E1F750D7E006FEAE5 /* Release */ = {
			isa = XCBuildConfiguration;
			buildSettings = {
				ALWAYS_SEARCH_USER_PATHS = NO;
				CLANG_ANALYZER_NONNULL = YES;
				CLANG_ANALYZER_NUMBER_OBJECT_CONVERSION = YES_AGGRESSIVE;
				CLANG_CXX_LANGUAGE_STANDARD = "gnu++0x";
				CLANG_CXX_LIBRARY = "libc++";
				CLANG_ENABLE_MODULES = YES;
				CLANG_ENABLE_OBJC_ARC = YES;
				CLANG_WARN_BLOCK_CAPTURE_AUTORELEASING = YES;
				CLANG_WARN_BOOL_CONVERSION = YES;
				CLANG_WARN_COMMA = YES;
				CLANG_WARN_CONSTANT_CONVERSION = YES;
				CLANG_WARN_DIRECT_OBJC_ISA_USAGE = YES_ERROR;
				CLANG_WARN_DOCUMENTATION_COMMENTS = YES;
				CLANG_WARN_EMPTY_BODY = YES;
				CLANG_WARN_ENUM_CONVERSION = YES;
				CLANG_WARN_INFINITE_RECURSION = YES;
				CLANG_WARN_INT_CONVERSION = YES;
				CLANG_WARN_NON_LITERAL_NULL_CONVERSION = YES;
				CLANG_WARN_OBJC_LITERAL_CONVERSION = YES;
				CLANG_WARN_OBJC_ROOT_CLASS = YES_ERROR;
				CLANG_WARN_RANGE_LOOP_ANALYSIS = YES;
				CLANG_WARN_STRICT_PROTOTYPES = YES;
				CLANG_WARN_SUSPICIOUS_MOVE = YES;
				CLANG_WARN_UNREACHABLE_CODE = YES;
				CLANG_WARN__DUPLICATE_METHOD_MATCH = YES;
				"CODE_SIGN_IDENTITY[sdk=iphoneos*]" = "iPhone Developer";
				COPY_PHASE_STRIP = NO;
				DEBUG_INFORMATION_FORMAT = "dwarf-with-dsym";
				ENABLE_NS_ASSERTIONS = NO;
				ENABLE_STRICT_OBJC_MSGSEND = YES;
				GCC_C_LANGUAGE_STANDARD = gnu99;
				GCC_NO_COMMON_BLOCKS = YES;
				GCC_WARN_64_TO_32_BIT_CONVERSION = YES;
				GCC_WARN_ABOUT_RETURN_TYPE = YES_ERROR;
				GCC_WARN_UNDECLARED_SELECTOR = YES;
				GCC_WARN_UNINITIALIZED_AUTOS = YES_AGGRESSIVE;
				GCC_WARN_UNUSED_FUNCTION = YES;
				GCC_WARN_UNUSED_VARIABLE = YES;
				IPHONEOS_DEPLOYMENT_TARGET = 10.3;
				MTL_ENABLE_DEBUG_INFO = NO;
				SDKROOT = iphoneos;
				TARGETED_DEVICE_FAMILY = "1,2";
				VALIDATE_PRODUCT = YES;
			};
			name = Release;
		};
		FDC625201F750D7E006FEAE5 /* Debug */ = {
			isa = XCBuildConfiguration;
			baseConfigurationReference = 035A5672283A6D9A054B2388 /* Pods-LLSpeed.debug.xcconfig */;
			buildSettings = {
				ASSETCATALOG_COMPILER_APPICON_NAME = AppIcon;
				DEVELOPMENT_TEAM = Y688PQN5Q4;
				INFOPLIST_FILE = LLSpeed/Info.plist;
				IPHONEOS_DEPLOYMENT_TARGET = 9.0;
				LD_RUNPATH_SEARCH_PATHS = "$(inherited) @executable_path/Frameworks";
				PRODUCT_BUNDLE_IDENTIFIER = com.liguanwen.LLSpeed;
				PRODUCT_NAME = "$(TARGET_NAME)";
				PROVISIONING_PROFILE = "3b87a13b-2a90-4930-9ed4-5f4164d262e1";
				PROVISIONING_PROFILE_SPECIFIER = "iOS Wildcard App Development";
			};
			name = Debug;
		};
		FDC625211F750D7E006FEAE5 /* Release */ = {
			isa = XCBuildConfiguration;
			baseConfigurationReference = 4596AE47B2E8CB0F99FD6646 /* Pods-LLSpeed.release.xcconfig */;
			buildSettings = {
				ASSETCATALOG_COMPILER_APPICON_NAME = AppIcon;
				DEVELOPMENT_TEAM = Y688PQN5Q4;
				INFOPLIST_FILE = LLSpeed/Info.plist;
				IPHONEOS_DEPLOYMENT_TARGET = 9.0;
				LD_RUNPATH_SEARCH_PATHS = "$(inherited) @executable_path/Frameworks";
				PRODUCT_BUNDLE_IDENTIFIER = com.liguanwen.LLSpeed;
				PRODUCT_NAME = "$(TARGET_NAME)";
				PROVISIONING_PROFILE = "3b87a13b-2a90-4930-9ed4-5f4164d262e1";
				PROVISIONING_PROFILE_SPECIFIER = "iOS Wildcard App Development";
			};
			name = Release;
		};
		FDC625231F750D7E006FEAE5 /* Debug */ = {
			isa = XCBuildConfiguration;
			buildSettings = {
				BUNDLE_LOADER = "$(TEST_HOST)";
				DEVELOPMENT_TEAM = C6Z4D9LT34;
				INFOPLIST_FILE = LLSpeedTests/Info.plist;
				LD_RUNPATH_SEARCH_PATHS = "$(inherited) @executable_path/Frameworks @loader_path/Frameworks";
				PRODUCT_BUNDLE_IDENTIFIER = com.liguanwen.LLSpeedTests;
				PRODUCT_NAME = "$(TARGET_NAME)";
				TEST_HOST = "$(BUILT_PRODUCTS_DIR)/LLSpeed.app/LLSpeed";
			};
			name = Debug;
		};
		FDC625241F750D7E006FEAE5 /* Release */ = {
			isa = XCBuildConfiguration;
			buildSettings = {
				BUNDLE_LOADER = "$(TEST_HOST)";
				DEVELOPMENT_TEAM = C6Z4D9LT34;
				INFOPLIST_FILE = LLSpeedTests/Info.plist;
				LD_RUNPATH_SEARCH_PATHS = "$(inherited) @executable_path/Frameworks @loader_path/Frameworks";
				PRODUCT_BUNDLE_IDENTIFIER = com.liguanwen.LLSpeedTests;
				PRODUCT_NAME = "$(TARGET_NAME)";
				TEST_HOST = "$(BUILT_PRODUCTS_DIR)/LLSpeed.app/LLSpeed";
			};
			name = Release;
		};
		FDC625261F750D7E006FEAE5 /* Debug */ = {
			isa = XCBuildConfiguration;
			buildSettings = {
				DEVELOPMENT_TEAM = C6Z4D9LT34;
				INFOPLIST_FILE = LLSpeedUITests/Info.plist;
				LD_RUNPATH_SEARCH_PATHS = "$(inherited) @executable_path/Frameworks @loader_path/Frameworks";
				PRODUCT_BUNDLE_IDENTIFIER = com.liguanwen.LLSpeedUITests;
				PRODUCT_NAME = "$(TARGET_NAME)";
				TEST_TARGET_NAME = LLSpeed;
			};
			name = Debug;
		};
		FDC625271F750D7E006FEAE5 /* Release */ = {
			isa = XCBuildConfiguration;
			buildSettings = {
				DEVELOPMENT_TEAM = C6Z4D9LT34;
				INFOPLIST_FILE = LLSpeedUITests/Info.plist;
				LD_RUNPATH_SEARCH_PATHS = "$(inherited) @executable_path/Frameworks @loader_path/Frameworks";
				PRODUCT_BUNDLE_IDENTIFIER = com.liguanwen.LLSpeedUITests;
				PRODUCT_NAME = "$(TARGET_NAME)";
				TEST_TARGET_NAME = LLSpeed;
			};
			name = Release;
		};
/* End XCBuildConfiguration section */

/* Begin XCConfigurationList section */
		FDC624EA1F750D7D006FEAE5 /* Build configuration list for PBXProject "LLSpeed" */ = {
			isa = XCConfigurationList;
			buildConfigurations = (
				FDC6251D1F750D7E006FEAE5 /* Debug */,
				FDC6251E1F750D7E006FEAE5 /* Release */,
			);
			defaultConfigurationIsVisible = 0;
			defaultConfigurationName = Release;
		};
		FDC6251F1F750D7E006FEAE5 /* Build configuration list for PBXNativeTarget "LLSpeed" */ = {
			isa = XCConfigurationList;
			buildConfigurations = (
				FDC625201F750D7E006FEAE5 /* Debug */,
				FDC625211F750D7E006FEAE5 /* Release */,
			);
			defaultConfigurationIsVisible = 0;
			defaultConfigurationName = Release;
		};
		FDC625221F750D7E006FEAE5 /* Build configuration list for PBXNativeTarget "LLSpeedTests" */ = {
			isa = XCConfigurationList;
			buildConfigurations = (
				FDC625231F750D7E006FEAE5 /* Debug */,
				FDC625241F750D7E006FEAE5 /* Release */,
			);
			defaultConfigurationIsVisible = 0;
			defaultConfigurationName = Release;
		};
		FDC625251F750D7E006FEAE5 /* Build configuration list for PBXNativeTarget "LLSpeedUITests" */ = {
			isa = XCConfigurationList;
			buildConfigurations = (
				FDC625261F750D7E006FEAE5 /* Debug */,
				FDC625271F750D7E006FEAE5 /* Release */,
			);
			defaultConfigurationIsVisible = 0;
			defaultConfigurationName = Release;
		};
/* End XCConfigurationList section */

/* Begin XCVersionGroup section */
		FDC624FE1F750D7E006FEAE5 /* LLSpeed.xcdatamodeld */ = {
			isa = XCVersionGroup;
			children = (
				FDC624FF1F750D7E006FEAE5 /* LLSpeed.xcdatamodel */,
			);
			currentVersion = FDC624FF1F750D7E006FEAE5 /* LLSpeed.xcdatamodel */;
			path = LLSpeed.xcdatamodeld;
			sourceTree = "<group>";
			versionGroupType = wrapper.xcdatamodel;
		};
/* End XCVersionGroup section */
	};
	rootObject = FDC624E71F750D7D006FEAE5 /* Project object */;
}
